
Microsoft Visual Studio Solution File, Format Version 12.00
# Visual Studio Version 16
VisualStudioVersion = 16.0.31025.194
MinimumVisualStudioVersion = 10.0.40219.1
Project("{FAE04EC0-301F-11D3-BF4B-00C04F79EFBC}") = "Growl.Connector", "Growl.Connector\Growl.Connector.csproj", "{6916F38F-D479-48AE-98E2-805F3BDA62ED}"
EndProject
Project("{FAE04EC0-301F-11D3-BF4B-00C04F79EFBC}") = "Growl.CoreLibrary", "Growl.CoreLibrary\Growl.CoreLibrary.csproj", "{2CF9C602-5DC1-4A44-9B46-2D3E800BFCC5}"
EndProject
Global
	GlobalSection(SolutionConfigurationPlatforms) = preSolution
		Debug|Any CPU = Debug|Any CPU
		Debug|x86 = Debug|x86
		Mono|Any CPU = Mono|Any CPU
		Mono|x86 = Mono|x86
		Release|Any CPU = Release|Any CPU
		Release|x86 = Release|x86
	EndGlobalSection
	GlobalSection(ProjectConfigurationPlatforms) = postSolution
		{6916F38F-D479-48AE-98E2-805F3BDA62ED}.Debug|Any CPU.ActiveCfg = Debug|Any CPU
		{6916F38F-D479-48AE-98E2-805F3BDA62ED}.Debug|Any CPU.Build.0 = Debug|Any CPU
		{6916F38F-D479-48AE-98E2-805F3BDA62ED}.Debug|x86.ActiveCfg = Debug|Any CPU
		{6916F38F-D479-48AE-98E2-805F3BDA62ED}.Debug|x86.Build.0 = Debug|Any CPU
		{6916F38F-D479-48AE-98E2-805F3BDA62ED}.Mono|Any CPU.ActiveCfg = Debug|Any CPU
		{6916F38F-D479-48AE-98E2-805F3BDA62ED}.Mono|Any CPU.Build.0 = Debug|Any CPU
		{6916F38F-D479-48AE-98E2-805F3BDA62ED}.Mono|x86.ActiveCfg = Debug|Any CPU
		{6916F38F-D479-48AE-98E2-805F3BDA62ED}.Mono|x86.Build.0 = Debug|Any CPU
		{6916F38F-D479-48AE-98E2-805F3BDA62ED}.Release|Any CPU.ActiveCfg = Release|Any CPU
		{6916F38F-D479-48AE-98E2-805F3BDA62ED}.Release|Any CPU.Build.0 = Release|Any CPU
		{6916F38F-D479-48AE-98E2-805F3BDA62ED}.Release|x86.ActiveCfg = Release|Any CPU
		{6916F38F-D479-48AE-98E2-805F3BDA62ED}.Release|x86.Build.0 = Release|Any CPU
		{2CF9C602-5DC1-4A44-9B46-2D3E800BFCC5}.Debug|Any CPU.ActiveCfg = Debug|Any CPU
		{2CF9C602-5DC1-4A44-9B46-2D3E800BFCC5}.Debug|Any CPU.Build.0 = Debug|Any CPU
		{2CF9C602-5DC1-4A44-9B46-2D3E800BFCC5}.Debug|x86.ActiveCfg = Debug|Any CPU
		{2CF9C602-5DC1-4A44-9B46-2D3E800BFCC5}.Debug|x86.Build.0 = Debug|Any CPU
		{2CF9C602-5DC1-4A44-9B46-2D3E800BFCC5}.Mono|Any CPU.ActiveCfg = Debug|Any CPU
		{2CF9C602-5DC1-4A44-9B46-2D3E800BFCC5}.Mono|Any CPU.Build.0 = Debug|Any CPU
		{2CF9C602-5DC1-4A44-9B46-2D3E800BFCC5}.Mono|x86.ActiveCfg = Debug|Any CPU
		{2CF9C602-5DC1-4A44-9B46-2D3E800BFCC5}.Mono|x86.Build.0 = Debug|Any CPU
		{2CF9C602-5DC1-4A44-9B46-2D3E800BFCC5}.Release|Any CPU.ActiveCfg = Release|Any CPU
		{2CF9C602-5DC1-4A44-9B46-2D3E800BFCC5}.Release|Any CPU.Build.0 = Release|Any CPU
		{2CF9C602-5DC1-4A44-9B46-2D3E800BFCC5}.Release|x86.ActiveCfg = Release|Any CPU
		{2CF9C602-5DC1-4A44-9B46-2D3E800BFCC5}.Release|x86.Build.0 = Release|Any CPU
	EndGlobalSection
	GlobalSection(SolutionProperties) = preSolution
		HideSolutionNode = FALSE
	EndGlobalSection
	GlobalSection(ExtensibilityGlobals) = postSolution
		SolutionGuid = {AFF669A9-786C-4BE8-A640-AF1269463219}
	EndGlobalSection
EndGlobal
